
Microsoft Visual Studio Solution File, Format Version 12.00
# Visual Studio Version 16
VisualStudioVersion = 16.0.30204.135
MinimumVisualStudioVersion = 10.0.40219.1
Project("{8BC9CEB8-8B4A-11D0-8D11-00A0C91BC942}") = "Program 4", "Program 4\Program 4.vcxproj", "{3DE0CC5C-FDCE-42FA-B918-4DC4C000BAB7}"
EndProject
Global
	GlobalSection(SolutionConfigurationPlatforms) = preSolution
		Debug|x64 = Debug|x64
		Debug|x86 = Debug|x86
		Release|x64 = Release|x64
		Release|x86 = Release|x86
	EndGlobalSection
	GlobalSection(ProjectConfigurationPlatforms) = postSolution
		{3DE0CC5C-FDCE-42FA-B918-4DC4C000BAB7}.Debug|x64.ActiveCfg = Debug|x64
		{3DE0CC5C-FDCE-42FA-B918-4DC4C000BAB7}.Debug|x64.Build.0 = Debug|x64
		{3DE0CC5C-FDCE-42FA-B918-4DC4C000BAB7}.Debug|x86.ActiveCfg = Debug|Win32
		{3DE0CC5C-FDCE-42FA-B918-4DC4C000BAB7}.Debug|x86.Build.0 = Debug|Win32
		{3DE0CC5C-FDCE-42FA-B918-4DC4C000BAB7}.Release|x64.ActiveCfg = Release|x64
		{3DE0CC5C-FDCE-42FA-B918-4DC4C000BAB7}.Release|x64.Build.0 = Release|x64
		{3DE0CC5C-FDCE-42FA-B918-4DC4C000BAB7}.Release|x86.ActiveCfg = Release|Win32
		{3DE0CC5C-FDCE-42FA-B918-4DC4C000BAB7}.Release|x86.Build.0 = Release|Win32
	EndGlobalSection
	GlobalSection(SolutionProperties) = preSolution
		HideSolutionNode = FALSE
	EndGlobalSection
	GlobalSection(ExtensibilityGlobals) = postSolution
		SolutionGuid = {4CE7642D-242E-42D6-9D88-B6A11628DA2B}
	EndGlobalSection
EndGlobal
